
Microsoft Visual Studio Solution File, Format Version 12.00
# Visual Studio Version 17
VisualStudioVersion = 17.9.34728.123
MinimumVisualStudioVersion = 10.0.40219.1
Project("{FAE04EC0-301F-11D3-BF4B-00C04F79EFBC}") = "ContactListDev", "ContactListDev\ContactListDev.csproj", "{5FC91E8C-BB6C-4042-8CED-85DF47FEBF56}"
EndProject
Global
	GlobalSection(SolutionConfigurationPlatforms) = preSolution
		Debug|Any CPU = Debug|Any CPU
		Release|Any CPU = Release|Any CPU
	EndGlobalSection
	GlobalSection(ProjectConfigurationPlatforms) = postSolution
		{5FC91E8C-BB6C-4042-8CED-85DF47FEBF56}.Debug|Any CPU.ActiveCfg = Debug|Any CPU
		{5FC91E8C-BB6C-4042-8CED-85DF47FEBF56}.Debug|Any CPU.Build.0 = Debug|Any CPU
		{5FC91E8C-BB6C-4042-8CED-85DF47FEBF56}.Release|Any CPU.ActiveCfg = Release|Any CPU
		{5FC91E8C-BB6C-4042-8CED-85DF47FEBF56}.Release|Any CPU.Build.0 = Release|Any CPU
	EndGlobalSection
	GlobalSection(SolutionProperties) = preSolution
		HideSolutionNode = FALSE
	EndGlobalSection
	GlobalSection(ExtensibilityGlobals) = postSolution
		SolutionGuid = {580B4825-52FA-4641-9DE1-385A8A4E0988}
	EndGlobalSection
EndGlobal
